
Microsoft Visual Studio Solution File, Format Version 12.00
# Visual Studio 14
VisualStudioVersion = 14.0.25420.1
MinimumVisualStudioVersion = 10.0.40219.1
Project("{FAE04EC0-301F-11D3-BF4B-00C04F79EFBC}") = "WcfMatixServiceLibrary", "WcfMatixServiceLibrary\WcfMatixServiceLibrary.csproj", "{CBF194D8-274F-4449-8155-C1BA3BA0E0C9}"
EndProject
Project("{FAE04EC0-301F-11D3-BF4B-00C04F79EFBC}") = "MatixGameClient", "MatixGameClient\MatixGameClient.csproj", "{DD2F5A1D-671F-486A-AF04-69F8370CFB9F}"
	ProjectSection(ProjectDependencies) = postProject
		{CBF194D8-274F-4449-8155-C1BA3BA0E0C9} = {CBF194D8-274F-4449-8155-C1BA3BA0E0C9}
	EndProjectSection
EndProject
Project("{FAE04EC0-301F-11D3-BF4B-00C04F79EFBC}") = "MatixWindowsService", "MatixWindowsService\MatixWindowsService.csproj", "{8B4D4B3B-B447-44E9-9C1F-93EC3863A3AA}"
EndProject
Project("{F088123C-0E9E-452A-89E6-6BA2F21D5CAC}") = "MatixArchithecture", "MatixArchithecture\MatixArchithecture.modelproj", "{AE3258E5-2088-4182-B114-6176ABC53496}"
EndProject
Project("{FAE04EC0-301F-11D3-BF4B-00C04F79EFBC}") = "MatixDatabaseLibrary", "MatixDatabaseLibrary\MatixDatabaseLibrary.csproj", "{A4CB8918-FEA6-44C3-955A-D9FFD5268911}"
EndProject
Global
	GlobalSection(SolutionConfigurationPlatforms) = preSolution
		Debug|Any CPU = Debug|Any CPU
		Release|Any CPU = Release|Any CPU
	EndGlobalSection
	GlobalSection(ProjectConfigurationPlatforms) = postSolution
		{CBF194D8-274F-4449-8155-C1BA3BA0E0C9}.Debug|Any CPU.ActiveCfg = Debug|Any CPU
		{CBF194D8-274F-4449-8155-C1BA3BA0E0C9}.Debug|Any CPU.Build.0 = Debug|Any CPU
		{CBF194D8-274F-4449-8155-C1BA3BA0E0C9}.Release|Any CPU.ActiveCfg = Release|Any CPU
		{CBF194D8-274F-4449-8155-C1BA3BA0E0C9}.Release|Any CPU.Build.0 = Release|Any CPU
		{DD2F5A1D-671F-486A-AF04-69F8370CFB9F}.Debug|Any CPU.ActiveCfg = Debug|Any CPU
		{DD2F5A1D-671F-486A-AF04-69F8370CFB9F}.Debug|Any CPU.Build.0 = Debug|Any CPU
		{DD2F5A1D-671F-486A-AF04-69F8370CFB9F}.Release|Any CPU.ActiveCfg = Release|Any CPU
		{DD2F5A1D-671F-486A-AF04-69F8370CFB9F}.Release|Any CPU.Build.0 = Release|Any CPU
		{8B4D4B3B-B447-44E9-9C1F-93EC3863A3AA}.Debug|Any CPU.ActiveCfg = Debug|Any CPU
		{8B4D4B3B-B447-44E9-9C1F-93EC3863A3AA}.Debug|Any CPU.Build.0 = Debug|Any CPU
		{8B4D4B3B-B447-44E9-9C1F-93EC3863A3AA}.Release|Any CPU.ActiveCfg = Release|Any CPU
		{8B4D4B3B-B447-44E9-9C1F-93EC3863A3AA}.Release|Any CPU.Build.0 = Release|Any CPU
		{AE3258E5-2088-4182-B114-6176ABC53496}.Debug|Any CPU.ActiveCfg = Debug|Any CPU
		{AE3258E5-2088-4182-B114-6176ABC53496}.Debug|Any CPU.Build.0 = Debug|Any CPU
		{AE3258E5-2088-4182-B114-6176ABC53496}.Release|Any CPU.ActiveCfg = Release|Any CPU
		{AE3258E5-2088-4182-B114-6176ABC53496}.Release|Any CPU.Build.0 = Release|Any CPU
		{A4CB8918-FEA6-44C3-955A-D9FFD5268911}.Debug|Any CPU.ActiveCfg = Debug|Any CPU
		{A4CB8918-FEA6-44C3-955A-D9FFD5268911}.Debug|Any CPU.Build.0 = Debug|Any CPU
		{A4CB8918-FEA6-44C3-955A-D9FFD5268911}.Release|Any CPU.ActiveCfg = Release|Any CPU
		{A4CB8918-FEA6-44C3-955A-D9FFD5268911}.Release|Any CPU.Build.0 = Release|Any CPU
	EndGlobalSection
	GlobalSection(SolutionProperties) = preSolution
		HideSolutionNode = FALSE
	EndGlobalSection
EndGlobal
